# THIS IS AN AUTOGENERATED FILE. DO NOT EDIT THIS FILE DIRECTLY.
# yarn lockfile v1


"@types/howler@^2.2.1":
  version "2.2.7"
  resolved "https://registry.yarnpkg.com/@types/howler/-/howler-2.2.7.tgz#5acfbed57f9e1d99b8dabe1b824729e1c1ea1fae"
  integrity sha512-PEZldwZqJJw1PWRTpupyC7ajVTZA8aHd8nB/Y0n6zRZi5u8ktYDntsHj13ltEiBRqWwF06pASxBEvCTxniG8eA==

tslib@^2.0.0:
  version "2.4.0"
  resolved "https://registry.yarnpkg.com/tslib/-/tslib-2.4.0.tgz#7cecaa7f073ce680a05847aa77be941098f36dc3"
  integrity sha512-d6xOpEDfsi2CZVlPQzGeux8XMwLT9hssAsaPYExaQMuYskwb+x1x7J371tWlbBdWHroy99KnVB6qIkUbs5X3UQ==
